
Microsoft Visual Studio Solution File, Format Version 12.00
# Visual Studio Version 16
VisualStudioVersion = 16.0.28803.202
MinimumVisualStudioVersion = 10.0.40219.1
Project("{FAE04EC0-301F-11D3-BF4B-00C04F79EFBC}") = "Database", "Database\Database.csproj", "{C3FE29C3-73E1-4BB9-BF6F-5FFCAE47F696}"
EndProject
Project("{FAE04EC0-301F-11D3-BF4B-00C04F79EFBC}") = "Core", "Core\Core.csproj", "{1BBDEE6A-A30D-4D27-B98A-5F537FB6E14F}"
EndProject
Project("{FAE04EC0-301F-11D3-BF4B-00C04F79EFBC}") = "MVC", "WebUI\MVC.csproj", "{34895597-20D1-4A68-B5B5-1A20BB116B50}"
EndProject
Project("{FAE04EC0-301F-11D3-BF4B-00C04F79EFBC}") = "Tests", "MyWorkout.Tests\Tests.csproj", "{2CC7985F-58AE-469C-8909-0DF3664CDA64}"
EndProject
Project("{FAE04EC0-301F-11D3-BF4B-00C04F79EFBC}") = "Repository", "Repository\Repository.csproj", "{037CB28C-6CCA-41EC-972D-33117DB3D79A}"
EndProject
Project("{9A19103F-16F7-4668-BE54-9A1E7A4F7556}") = "Generic", "Generic\Generic.csproj", "{DE2D9EB6-9A18-4B14-A8DF-DDC30B4A8DA1}"
EndProject
Project("{9A19103F-16F7-4668-BE54-9A1E7A4F7556}") = "Workout", "Workout\Workout.csproj", "{8D76ED14-8F81-43FB-8467-2A6CF454A514}"
EndProject
Project("{9A19103F-16F7-4668-BE54-9A1E7A4F7556}") = "Angular", "Presentation\angular\Angular.csproj", "{90E7B11E-B6C4-421A-B450-A3DA81168C2C}"
EndProject
Project("{2150E333-8FDC-42A3-9474-1A3956D46DE8}") = "UserInteface", "UserInteface", "{801C3E74-96AB-4762-A838-FC6F0635F25D}"
EndProject
Project("{9A19103F-16F7-4668-BE54-9A1E7A4F7556}") = "WebAPI", "WebAPI\WebAPI.csproj", "{94FA3461-33AF-41B1-A761-5412C250BF84}"
EndProject
Project("{2150E333-8FDC-42A3-9474-1A3956D46DE8}") = "BusinessLogic", "BusinessLogic", "{3B246335-08C2-41B1-AB2C-B41DC53CB604}"
EndProject
Project("{2150E333-8FDC-42A3-9474-1A3956D46DE8}") = "Persistence", "Persistence", "{8FE4908C-EC8C-495A-8D7C-34024FF59313}"
EndProject
Project("{2150E333-8FDC-42A3-9474-1A3956D46DE8}") = "UnitTests", "UnitTests", "{D33550C9-8000-480F-AFEA-D3CE39FDE685}"
EndProject
Project("{2150E333-8FDC-42A3-9474-1A3956D46DE8}") = "WebServices", "WebServices", "{A6A3235C-7416-4DFD-ABC8-290C6E2DD211}"
EndProject
Project("{9A19103F-16F7-4668-BE54-9A1E7A4F7556}") = "WindowsConsole", "ConsoleApp1\WindowsConsole.csproj", "{5D92B588-F8DF-480C-AD6B-1A204F150C67}"
EndProject
Project("{2150E333-8FDC-42A3-9474-1A3956D46DE8}") = "Solution Items", "Solution Items", "{E22B363E-0057-41A4-86D4-A639371E712B}"
EndProject
Project("{FAE04EC0-301F-11D3-BF4B-00C04F79EFBC}") = "CoreLogic", "CoreLogic\CoreLogic.csproj", "{A8A7B659-E166-4EE3-BC7F-352D5765CC7B}"
EndProject
Project("{2150E333-8FDC-42A3-9474-1A3956D46DE8}") = "DotNetCore", "DotNetCore", "{DEDA296E-69AB-4B5E-89A5-287E850C3FA6}"
EndProject
Project("{FAE04EC0-301F-11D3-BF4B-00C04F79EFBC}") = "XUnitTests", "XUnitTests\XUnitTests.csproj", "{FEEC16F5-B923-4373-AA07-DAD4B423BA99}"
EndProject
Project("{2150E333-8FDC-42A3-9474-1A3956D46DE8}") = "DotNetFramework", "DotNetFramework", "{DE24C353-B7E7-4FD0-86EF-A06B4ACECD8D}"
EndProject
Project("{2150E333-8FDC-42A3-9474-1A3956D46DE8}") = "DotNetCore", "DotNetCore", "{1BB85D55-5449-42D6-8FD2-98F685BC4C0A}"
EndProject
Global
	GlobalSection(SolutionConfigurationPlatforms) = preSolution
		Debug|Any CPU = Debug|Any CPU
		Release|Any CPU = Release|Any CPU
	EndGlobalSection
	GlobalSection(ProjectConfigurationPlatforms) = postSolution
		{C3FE29C3-73E1-4BB9-BF6F-5FFCAE47F696}.Debug|Any CPU.ActiveCfg = Debug|Any CPU
		{C3FE29C3-73E1-4BB9-BF6F-5FFCAE47F696}.Debug|Any CPU.Build.0 = Debug|Any CPU
		{C3FE29C3-73E1-4BB9-BF6F-5FFCAE47F696}.Release|Any CPU.ActiveCfg = Release|Any CPU
		{C3FE29C3-73E1-4BB9-BF6F-5FFCAE47F696}.Release|Any CPU.Build.0 = Release|Any CPU
		{1BBDEE6A-A30D-4D27-B98A-5F537FB6E14F}.Debug|Any CPU.ActiveCfg = Debug|Any CPU
		{1BBDEE6A-A30D-4D27-B98A-5F537FB6E14F}.Debug|Any CPU.Build.0 = Debug|Any CPU
		{1BBDEE6A-A30D-4D27-B98A-5F537FB6E14F}.Release|Any CPU.ActiveCfg = Release|Any CPU
		{1BBDEE6A-A30D-4D27-B98A-5F537FB6E14F}.Release|Any CPU.Build.0 = Release|Any CPU
		{34895597-20D1-4A68-B5B5-1A20BB116B50}.Debug|Any CPU.ActiveCfg = Debug|Any CPU
		{34895597-20D1-4A68-B5B5-1A20BB116B50}.Debug|Any CPU.Build.0 = Debug|Any CPU
		{34895597-20D1-4A68-B5B5-1A20BB116B50}.Release|Any CPU.ActiveCfg = Release|Any CPU
		{34895597-20D1-4A68-B5B5-1A20BB116B50}.Release|Any CPU.Build.0 = Release|Any CPU
		{2CC7985F-58AE-469C-8909-0DF3664CDA64}.Debug|Any CPU.ActiveCfg = Debug|Any CPU
		{2CC7985F-58AE-469C-8909-0DF3664CDA64}.Debug|Any CPU.Build.0 = Debug|Any CPU
		{2CC7985F-58AE-469C-8909-0DF3664CDA64}.Release|Any CPU.ActiveCfg = Release|Any CPU
		{2CC7985F-58AE-469C-8909-0DF3664CDA64}.Release|Any CPU.Build.0 = Release|Any CPU
		{037CB28C-6CCA-41EC-972D-33117DB3D79A}.Debug|Any CPU.ActiveCfg = Debug|Any CPU
		{037CB28C-6CCA-41EC-972D-33117DB3D79A}.Debug|Any CPU.Build.0 = Debug|Any CPU
		{037CB28C-6CCA-41EC-972D-33117DB3D79A}.Release|Any CPU.ActiveCfg = Release|Any CPU
		{037CB28C-6CCA-41EC-972D-33117DB3D79A}.Release|Any CPU.Build.0 = Release|Any CPU
		{DE2D9EB6-9A18-4B14-A8DF-DDC30B4A8DA1}.Debug|Any CPU.ActiveCfg = Debug|Any CPU
		{DE2D9EB6-9A18-4B14-A8DF-DDC30B4A8DA1}.Debug|Any CPU.Build.0 = Debug|Any CPU
		{DE2D9EB6-9A18-4B14-A8DF-DDC30B4A8DA1}.Release|Any CPU.ActiveCfg = Release|Any CPU
		{DE2D9EB6-9A18-4B14-A8DF-DDC30B4A8DA1}.Release|Any CPU.Build.0 = Release|Any CPU
		{8D76ED14-8F81-43FB-8467-2A6CF454A514}.Debug|Any CPU.ActiveCfg = Debug|Any CPU
		{8D76ED14-8F81-43FB-8467-2A6CF454A514}.Debug|Any CPU.Build.0 = Debug|Any CPU
		{8D76ED14-8F81-43FB-8467-2A6CF454A514}.Release|Any CPU.ActiveCfg = Release|Any CPU
		{8D76ED14-8F81-43FB-8467-2A6CF454A514}.Release|Any CPU.Build.0 = Release|Any CPU
		{90E7B11E-B6C4-421A-B450-A3DA81168C2C}.Debug|Any CPU.ActiveCfg = Debug|Any CPU
		{90E7B11E-B6C4-421A-B450-A3DA81168C2C}.Debug|Any CPU.Build.0 = Debug|Any CPU
		{90E7B11E-B6C4-421A-B450-A3DA81168C2C}.Release|Any CPU.ActiveCfg = Release|Any CPU
		{90E7B11E-B6C4-421A-B450-A3DA81168C2C}.Release|Any CPU.Build.0 = Release|Any CPU
		{94FA3461-33AF-41B1-A761-5412C250BF84}.Debug|Any CPU.ActiveCfg = Debug|Any CPU
		{94FA3461-33AF-41B1-A761-5412C250BF84}.Debug|Any CPU.Build.0 = Debug|Any CPU
		{94FA3461-33AF-41B1-A761-5412C250BF84}.Release|Any CPU.ActiveCfg = Release|Any CPU
		{94FA3461-33AF-41B1-A761-5412C250BF84}.Release|Any CPU.Build.0 = Release|Any CPU
		{5D92B588-F8DF-480C-AD6B-1A204F150C67}.Debug|Any CPU.ActiveCfg = Debug|Any CPU
		{5D92B588-F8DF-480C-AD6B-1A204F150C67}.Debug|Any CPU.Build.0 = Debug|Any CPU
		{5D92B588-F8DF-480C-AD6B-1A204F150C67}.Release|Any CPU.ActiveCfg = Release|Any CPU
		{5D92B588-F8DF-480C-AD6B-1A204F150C67}.Release|Any CPU.Build.0 = Release|Any CPU
		{A8A7B659-E166-4EE3-BC7F-352D5765CC7B}.Debug|Any CPU.ActiveCfg = Debug|Any CPU
		{A8A7B659-E166-4EE3-BC7F-352D5765CC7B}.Debug|Any CPU.Build.0 = Debug|Any CPU
		{A8A7B659-E166-4EE3-BC7F-352D5765CC7B}.Release|Any CPU.ActiveCfg = Release|Any CPU
		{A8A7B659-E166-4EE3-BC7F-352D5765CC7B}.Release|Any CPU.Build.0 = Release|Any CPU
		{FEEC16F5-B923-4373-AA07-DAD4B423BA99}.Debug|Any CPU.ActiveCfg = Debug|Any CPU
		{FEEC16F5-B923-4373-AA07-DAD4B423BA99}.Debug|Any CPU.Build.0 = Debug|Any CPU
		{FEEC16F5-B923-4373-AA07-DAD4B423BA99}.Release|Any CPU.ActiveCfg = Release|Any CPU
		{FEEC16F5-B923-4373-AA07-DAD4B423BA99}.Release|Any CPU.Build.0 = Release|Any CPU
	EndGlobalSection
	GlobalSection(SolutionProperties) = preSolution
		HideSolutionNode = FALSE
	EndGlobalSection
	GlobalSection(NestedProjects) = preSolution
		{C3FE29C3-73E1-4BB9-BF6F-5FFCAE47F696} = {8FE4908C-EC8C-495A-8D7C-34024FF59313}
		{1BBDEE6A-A30D-4D27-B98A-5F537FB6E14F} = {DE24C353-B7E7-4FD0-86EF-A06B4ACECD8D}
		{34895597-20D1-4A68-B5B5-1A20BB116B50} = {801C3E74-96AB-4762-A838-FC6F0635F25D}
		{2CC7985F-58AE-469C-8909-0DF3664CDA64} = {D33550C9-8000-480F-AFEA-D3CE39FDE685}
		{037CB28C-6CCA-41EC-972D-33117DB3D79A} = {8FE4908C-EC8C-495A-8D7C-34024FF59313}
		{DE2D9EB6-9A18-4B14-A8DF-DDC30B4A8DA1} = {3B246335-08C2-41B1-AB2C-B41DC53CB604}
		{8D76ED14-8F81-43FB-8467-2A6CF454A514} = {A6A3235C-7416-4DFD-ABC8-290C6E2DD211}
		{90E7B11E-B6C4-421A-B450-A3DA81168C2C} = {801C3E74-96AB-4762-A838-FC6F0635F25D}
		{94FA3461-33AF-41B1-A761-5412C250BF84} = {A6A3235C-7416-4DFD-ABC8-290C6E2DD211}
		{5D92B588-F8DF-480C-AD6B-1A204F150C67} = {801C3E74-96AB-4762-A838-FC6F0635F25D}
		{A8A7B659-E166-4EE3-BC7F-352D5765CC7B} = {1BB85D55-5449-42D6-8FD2-98F685BC4C0A}
		{DEDA296E-69AB-4B5E-89A5-287E850C3FA6} = {D33550C9-8000-480F-AFEA-D3CE39FDE685}
		{FEEC16F5-B923-4373-AA07-DAD4B423BA99} = {DEDA296E-69AB-4B5E-89A5-287E850C3FA6}
		{DE24C353-B7E7-4FD0-86EF-A06B4ACECD8D} = {3B246335-08C2-41B1-AB2C-B41DC53CB604}
		{1BB85D55-5449-42D6-8FD2-98F685BC4C0A} = {3B246335-08C2-41B1-AB2C-B41DC53CB604}
	EndGlobalSection
	GlobalSection(ExtensibilityGlobals) = postSolution
		SolutionGuid = {05623C45-5C9C-4F58-885A-869C9108B299}
	EndGlobalSection
EndGlobal
