
Microsoft Visual Studio Solution File, Format Version 12.00
# Visual Studio Version 17
VisualStudioVersion = 17.2.32516.85
MinimumVisualStudioVersion = 10.0.40219.1
Project("{9A19103F-16F7-4668-BE54-9A1E7A4F7556}") = "Generic", "Generic\Generic.csproj", "{DE2D9EB6-9A18-4B14-A8DF-DDC30B4A8DA1}"
EndProject
Project("{9A19103F-16F7-4668-BE54-9A1E7A4F7556}") = "Angular", "Presentation\angular\Angular.csproj", "{90E7B11E-B6C4-421A-B450-A3DA81168C2C}"
EndProject
Project("{2150E333-8FDC-42A3-9474-1A3956D46DE8}") = "UserInteface", "UserInteface", "{801C3E74-96AB-4762-A838-FC6F0635F25D}"
EndProject
Project("{2150E333-8FDC-42A3-9474-1A3956D46DE8}") = "BusinessLogic", "BusinessLogic", "{3B246335-08C2-41B1-AB2C-B41DC53CB604}"
EndProject
Project("{2150E333-8FDC-42A3-9474-1A3956D46DE8}") = "Persistence", "Persistence", "{8FE4908C-EC8C-495A-8D7C-34024FF59313}"
EndProject
Project("{2150E333-8FDC-42A3-9474-1A3956D46DE8}") = "UnitTests", "UnitTests", "{D33550C9-8000-480F-AFEA-D3CE39FDE685}"
EndProject
Project("{2150E333-8FDC-42A3-9474-1A3956D46DE8}") = "WebServices", "WebServices", "{A6A3235C-7416-4DFD-ABC8-290C6E2DD211}"
EndProject
Project("{9A19103F-16F7-4668-BE54-9A1E7A4F7556}") = "WindowsConsole", "ConsoleApp1\WindowsConsole.csproj", "{5D92B588-F8DF-480C-AD6B-1A204F150C67}"
EndProject
Project("{2150E333-8FDC-42A3-9474-1A3956D46DE8}") = "Solution Items", "Solution Items", "{E22B363E-0057-41A4-86D4-A639371E712B}"
EndProject
Project("{9A19103F-16F7-4668-BE54-9A1E7A4F7556}") = "CoreLogic", "CoreLogic\CoreLogic.csproj", "{A8A7B659-E166-4EE3-BC7F-352D5765CC7B}"
EndProject
Project("{2150E333-8FDC-42A3-9474-1A3956D46DE8}") = "DotNetCore", "DotNetCore", "{DEDA296E-69AB-4B5E-89A5-287E850C3FA6}"
EndProject
Project("{9A19103F-16F7-4668-BE54-9A1E7A4F7556}") = "XUnitTests", "XUnitTests\XUnitTests.csproj", "{FEEC16F5-B923-4373-AA07-DAD4B423BA99}"
EndProject
Project("{2150E333-8FDC-42A3-9474-1A3956D46DE8}") = "DotNetCore", "DotNetCore", "{1BB85D55-5449-42D6-8FD2-98F685BC4C0A}"
EndProject
Project("{9A19103F-16F7-4668-BE54-9A1E7A4F7556}") = "ExcerciseApi", "ExcerciseApi\ExcerciseApi.csproj", "{4DA4A3BA-4A2F-4614-B840-B0CC291ED984}"
EndProject
Project("{9A19103F-16F7-4668-BE54-9A1E7A4F7556}") = "DotNetCoreRepository2", "DotNetCoreRepository2\DotNetCoreRepository2.csproj", "{7082CC08-2B18-475B-9FDC-8B137C7410BD}"
EndProject
Project("{2150E333-8FDC-42A3-9474-1A3956D46DE8}") = "Docs", "Docs", "{44BBF58C-81B4-479B-B44A-4245FB36557B}"
	ProjectSection(SolutionItems) = preProject
		ToDo.txt = ToDo.txt
		README.txt = README.txt
	EndProjectSection
EndProject
Project("{2150E333-8FDC-42A3-9474-1A3956D46DE8}") = "Spikes", "Spikes", "{F6F6904F-BE68-4819-900E-41B4CF20D6E4}"
EndProject
Project("{9A19103F-16F7-4668-BE54-9A1E7A4F7556}") = "dynamoDBConnection", "dynamoDBConnection\dynamoDBConnection.csproj", "{9173650E-3232-4D2A-966C-5FA77F580BDE}"
EndProject
Project("{9092AA53-FB77-4645-B42D-1CCCA6BD08BD}") = "VueJS", "VueJS\VueJS.njsproj", "{43049537-229D-4F33-9F2A-D7FDD315D05D}"
EndProject
Project("{00D1A9C2-B5F0-4AF3-8072-F6C62B433612}") = "Database1", "C:\Users\gonza\source\repos\Database1\Database1.sqlproj", "{C1E9D862-CF58-4AFC-B79C-1E38EE9F2749}"
EndProject
Global
	GlobalSection(SolutionConfigurationPlatforms) = preSolution
		Debug|Any CPU = Debug|Any CPU
		Release|Any CPU = Release|Any CPU
	EndGlobalSection
	GlobalSection(ProjectConfigurationPlatforms) = postSolution
		{DE2D9EB6-9A18-4B14-A8DF-DDC30B4A8DA1}.Debug|Any CPU.ActiveCfg = Debug|Any CPU
		{DE2D9EB6-9A18-4B14-A8DF-DDC30B4A8DA1}.Debug|Any CPU.Build.0 = Debug|Any CPU
		{DE2D9EB6-9A18-4B14-A8DF-DDC30B4A8DA1}.Release|Any CPU.ActiveCfg = Release|Any CPU
		{DE2D9EB6-9A18-4B14-A8DF-DDC30B4A8DA1}.Release|Any CPU.Build.0 = Release|Any CPU
		{90E7B11E-B6C4-421A-B450-A3DA81168C2C}.Debug|Any CPU.ActiveCfg = Debug|Any CPU
		{90E7B11E-B6C4-421A-B450-A3DA81168C2C}.Debug|Any CPU.Build.0 = Debug|Any CPU
		{90E7B11E-B6C4-421A-B450-A3DA81168C2C}.Release|Any CPU.ActiveCfg = Release|Any CPU
		{90E7B11E-B6C4-421A-B450-A3DA81168C2C}.Release|Any CPU.Build.0 = Release|Any CPU
		{5D92B588-F8DF-480C-AD6B-1A204F150C67}.Debug|Any CPU.ActiveCfg = Debug|Any CPU
		{5D92B588-F8DF-480C-AD6B-1A204F150C67}.Debug|Any CPU.Build.0 = Debug|Any CPU
		{5D92B588-F8DF-480C-AD6B-1A204F150C67}.Release|Any CPU.ActiveCfg = Release|Any CPU
		{5D92B588-F8DF-480C-AD6B-1A204F150C67}.Release|Any CPU.Build.0 = Release|Any CPU
		{A8A7B659-E166-4EE3-BC7F-352D5765CC7B}.Debug|Any CPU.ActiveCfg = Debug|Any CPU
		{A8A7B659-E166-4EE3-BC7F-352D5765CC7B}.Debug|Any CPU.Build.0 = Debug|Any CPU
		{A8A7B659-E166-4EE3-BC7F-352D5765CC7B}.Release|Any CPU.ActiveCfg = Release|Any CPU
		{A8A7B659-E166-4EE3-BC7F-352D5765CC7B}.Release|Any CPU.Build.0 = Release|Any CPU
		{FEEC16F5-B923-4373-AA07-DAD4B423BA99}.Debug|Any CPU.ActiveCfg = Debug|Any CPU
		{FEEC16F5-B923-4373-AA07-DAD4B423BA99}.Debug|Any CPU.Build.0 = Debug|Any CPU
		{FEEC16F5-B923-4373-AA07-DAD4B423BA99}.Release|Any CPU.ActiveCfg = Release|Any CPU
		{FEEC16F5-B923-4373-AA07-DAD4B423BA99}.Release|Any CPU.Build.0 = Release|Any CPU
		{4DA4A3BA-4A2F-4614-B840-B0CC291ED984}.Debug|Any CPU.ActiveCfg = Debug|Any CPU
		{4DA4A3BA-4A2F-4614-B840-B0CC291ED984}.Debug|Any CPU.Build.0 = Debug|Any CPU
		{4DA4A3BA-4A2F-4614-B840-B0CC291ED984}.Release|Any CPU.ActiveCfg = Release|Any CPU
		{4DA4A3BA-4A2F-4614-B840-B0CC291ED984}.Release|Any CPU.Build.0 = Release|Any CPU
		{7082CC08-2B18-475B-9FDC-8B137C7410BD}.Debug|Any CPU.ActiveCfg = Debug|Any CPU
		{7082CC08-2B18-475B-9FDC-8B137C7410BD}.Debug|Any CPU.Build.0 = Debug|Any CPU
		{7082CC08-2B18-475B-9FDC-8B137C7410BD}.Release|Any CPU.ActiveCfg = Release|Any CPU
		{7082CC08-2B18-475B-9FDC-8B137C7410BD}.Release|Any CPU.Build.0 = Release|Any CPU
		{9173650E-3232-4D2A-966C-5FA77F580BDE}.Debug|Any CPU.ActiveCfg = Debug|Any CPU
		{9173650E-3232-4D2A-966C-5FA77F580BDE}.Debug|Any CPU.Build.0 = Debug|Any CPU
		{9173650E-3232-4D2A-966C-5FA77F580BDE}.Release|Any CPU.ActiveCfg = Release|Any CPU
		{9173650E-3232-4D2A-966C-5FA77F580BDE}.Release|Any CPU.Build.0 = Release|Any CPU
		{43049537-229D-4F33-9F2A-D7FDD315D05D}.Debug|Any CPU.ActiveCfg = Debug|Any CPU
		{43049537-229D-4F33-9F2A-D7FDD315D05D}.Debug|Any CPU.Build.0 = Debug|Any CPU
		{43049537-229D-4F33-9F2A-D7FDD315D05D}.Release|Any CPU.ActiveCfg = Release|Any CPU
		{43049537-229D-4F33-9F2A-D7FDD315D05D}.Release|Any CPU.Build.0 = Release|Any CPU
		{C1E9D862-CF58-4AFC-B79C-1E38EE9F2749}.Debug|Any CPU.ActiveCfg = Debug|Any CPU
		{C1E9D862-CF58-4AFC-B79C-1E38EE9F2749}.Debug|Any CPU.Build.0 = Debug|Any CPU
		{C1E9D862-CF58-4AFC-B79C-1E38EE9F2749}.Debug|Any CPU.Deploy.0 = Debug|Any CPU
		{C1E9D862-CF58-4AFC-B79C-1E38EE9F2749}.Release|Any CPU.ActiveCfg = Release|Any CPU
		{C1E9D862-CF58-4AFC-B79C-1E38EE9F2749}.Release|Any CPU.Build.0 = Release|Any CPU
		{C1E9D862-CF58-4AFC-B79C-1E38EE9F2749}.Release|Any CPU.Deploy.0 = Release|Any CPU
	EndGlobalSection
	GlobalSection(SolutionProperties) = preSolution
		HideSolutionNode = FALSE
	EndGlobalSection
	GlobalSection(NestedProjects) = preSolution
		{DE2D9EB6-9A18-4B14-A8DF-DDC30B4A8DA1} = {3B246335-08C2-41B1-AB2C-B41DC53CB604}
		{90E7B11E-B6C4-421A-B450-A3DA81168C2C} = {801C3E74-96AB-4762-A838-FC6F0635F25D}
		{5D92B588-F8DF-480C-AD6B-1A204F150C67} = {801C3E74-96AB-4762-A838-FC6F0635F25D}
		{A8A7B659-E166-4EE3-BC7F-352D5765CC7B} = {1BB85D55-5449-42D6-8FD2-98F685BC4C0A}
		{DEDA296E-69AB-4B5E-89A5-287E850C3FA6} = {D33550C9-8000-480F-AFEA-D3CE39FDE685}
		{FEEC16F5-B923-4373-AA07-DAD4B423BA99} = {DEDA296E-69AB-4B5E-89A5-287E850C3FA6}
		{1BB85D55-5449-42D6-8FD2-98F685BC4C0A} = {3B246335-08C2-41B1-AB2C-B41DC53CB604}
		{4DA4A3BA-4A2F-4614-B840-B0CC291ED984} = {A6A3235C-7416-4DFD-ABC8-290C6E2DD211}
		{7082CC08-2B18-475B-9FDC-8B137C7410BD} = {8FE4908C-EC8C-495A-8D7C-34024FF59313}
		{9173650E-3232-4D2A-966C-5FA77F580BDE} = {F6F6904F-BE68-4819-900E-41B4CF20D6E4}
		{43049537-229D-4F33-9F2A-D7FDD315D05D} = {801C3E74-96AB-4762-A838-FC6F0635F25D}
	EndGlobalSection
	GlobalSection(ExtensibilityGlobals) = postSolution
		SolutionGuid = {05623C45-5C9C-4F58-885A-869C9108B299}
	EndGlobalSection
EndGlobal
