
Microsoft Visual Studio Solution File, Format Version 12.00
# Visual Studio Version 17
VisualStudioVersion = 17.2.32516.85
MinimumVisualStudioVersion = 10.0.40219.1
Project("{2150E333-8FDC-42A3-9474-1A3956D46DE8}") = "UserInteface", "UserInteface", "{801C3E74-96AB-4762-A838-FC6F0635F25D}"
EndProject
Project("{2150E333-8FDC-42A3-9474-1A3956D46DE8}") = "BusinessLogic", "BusinessLogic", "{3B246335-08C2-41B1-AB2C-B41DC53CB604}"
EndProject
Project("{2150E333-8FDC-42A3-9474-1A3956D46DE8}") = "Persistence", "Persistence", "{8FE4908C-EC8C-495A-8D7C-34024FF59313}"
EndProject
Project("{2150E333-8FDC-42A3-9474-1A3956D46DE8}") = "UnitTests", "UnitTests", "{D33550C9-8000-480F-AFEA-D3CE39FDE685}"
EndProject
Project("{2150E333-8FDC-42A3-9474-1A3956D46DE8}") = "WebServices", "WebServices", "{A6A3235C-7416-4DFD-ABC8-290C6E2DD211}"
EndProject
Project("{2150E333-8FDC-42A3-9474-1A3956D46DE8}") = "Solution Items", "Solution Items", "{E22B363E-0057-41A4-86D4-A639371E712B}"
EndProject
Project("{2150E333-8FDC-42A3-9474-1A3956D46DE8}") = "DotNetCore", "DotNetCore", "{DEDA296E-69AB-4B5E-89A5-287E850C3FA6}"
EndProject
Project("{9A19103F-16F7-4668-BE54-9A1E7A4F7556}") = "XUnitTests", "XUnitTests\XUnitTests.csproj", "{FEEC16F5-B923-4373-AA07-DAD4B423BA99}"
EndProject
Project("{2150E333-8FDC-42A3-9474-1A3956D46DE8}") = "DotNetCore", "DotNetCore", "{1BB85D55-5449-42D6-8FD2-98F685BC4C0A}"
EndProject
Project("{9A19103F-16F7-4668-BE54-9A1E7A4F7556}") = "MyWorkoutAPI", "ExcerciseApi\MyWorkoutAPI.csproj", "{4DA4A3BA-4A2F-4614-B840-B0CC291ED984}"
EndProject
Project("{9A19103F-16F7-4668-BE54-9A1E7A4F7556}") = "DotNetCoreRepository2", "DotNetCoreRepository2\DotNetCoreRepository2.csproj", "{7082CC08-2B18-475B-9FDC-8B137C7410BD}"
EndProject
Project("{2150E333-8FDC-42A3-9474-1A3956D46DE8}") = "Docs", "Docs", "{44BBF58C-81B4-479B-B44A-4245FB36557B}"
	ProjectSection(SolutionItems) = preProject
		README.txt = README.txt
		ToDo.txt = ToDo.txt
	EndProjectSection
EndProject
Project("{2150E333-8FDC-42A3-9474-1A3956D46DE8}") = "Spikes", "Spikes", "{F6F6904F-BE68-4819-900E-41B4CF20D6E4}"
EndProject
Project("{9A19103F-16F7-4668-BE54-9A1E7A4F7556}") = "Generic", "BusinessLogic\Generic\Generic.csproj", "{DA83C046-672E-47C6-9DFA-E1E1B52E15A1}"
EndProject
Project("{9A19103F-16F7-4668-BE54-9A1E7A4F7556}") = "CoreLogic", "BusinessLogic\CoreLogic\CoreLogic.csproj", "{D0F85393-CB22-4778-BFAB-837B62D36826}"
EndProject
Project("{9A19103F-16F7-4668-BE54-9A1E7A4F7556}") = "WindowsConsole", "Presentation\ConsoleApp1\WindowsConsole.csproj", "{4EB18E1B-B251-4F6C-88F8-19890EE6F64F}"
EndProject
Project("{2150E333-8FDC-42A3-9474-1A3956D46DE8}") = "Database", "Database", "{5B6E357A-19C5-4745-A6AF-74CA09A257C2}"
EndProject
Project("{00D1A9C2-B5F0-4AF3-8072-F6C62B433612}") = "MyWorkout", "Database\MyWorkout\MyWorkout.sqlproj", "{3E2BC20B-621A-4BA3-9046-43683264EEF4}"
EndProject
Global
	GlobalSection(SolutionConfigurationPlatforms) = preSolution
		Debug|Any CPU = Debug|Any CPU
		Release|Any CPU = Release|Any CPU
	EndGlobalSection
	GlobalSection(ProjectConfigurationPlatforms) = postSolution
		{FEEC16F5-B923-4373-AA07-DAD4B423BA99}.Debug|Any CPU.ActiveCfg = Debug|Any CPU
		{FEEC16F5-B923-4373-AA07-DAD4B423BA99}.Debug|Any CPU.Build.0 = Debug|Any CPU
		{FEEC16F5-B923-4373-AA07-DAD4B423BA99}.Release|Any CPU.ActiveCfg = Release|Any CPU
		{FEEC16F5-B923-4373-AA07-DAD4B423BA99}.Release|Any CPU.Build.0 = Release|Any CPU
		{4DA4A3BA-4A2F-4614-B840-B0CC291ED984}.Debug|Any CPU.ActiveCfg = Debug|Any CPU
		{4DA4A3BA-4A2F-4614-B840-B0CC291ED984}.Debug|Any CPU.Build.0 = Debug|Any CPU
		{4DA4A3BA-4A2F-4614-B840-B0CC291ED984}.Release|Any CPU.ActiveCfg = Release|Any CPU
		{4DA4A3BA-4A2F-4614-B840-B0CC291ED984}.Release|Any CPU.Build.0 = Release|Any CPU
		{7082CC08-2B18-475B-9FDC-8B137C7410BD}.Debug|Any CPU.ActiveCfg = Debug|Any CPU
		{7082CC08-2B18-475B-9FDC-8B137C7410BD}.Debug|Any CPU.Build.0 = Debug|Any CPU
		{7082CC08-2B18-475B-9FDC-8B137C7410BD}.Release|Any CPU.ActiveCfg = Release|Any CPU
		{7082CC08-2B18-475B-9FDC-8B137C7410BD}.Release|Any CPU.Build.0 = Release|Any CPU
		{DA83C046-672E-47C6-9DFA-E1E1B52E15A1}.Debug|Any CPU.ActiveCfg = Debug|Any CPU
		{DA83C046-672E-47C6-9DFA-E1E1B52E15A1}.Debug|Any CPU.Build.0 = Debug|Any CPU
		{DA83C046-672E-47C6-9DFA-E1E1B52E15A1}.Release|Any CPU.ActiveCfg = Release|Any CPU
		{DA83C046-672E-47C6-9DFA-E1E1B52E15A1}.Release|Any CPU.Build.0 = Release|Any CPU
		{D0F85393-CB22-4778-BFAB-837B62D36826}.Debug|Any CPU.ActiveCfg = Debug|Any CPU
		{D0F85393-CB22-4778-BFAB-837B62D36826}.Debug|Any CPU.Build.0 = Debug|Any CPU
		{D0F85393-CB22-4778-BFAB-837B62D36826}.Release|Any CPU.ActiveCfg = Release|Any CPU
		{D0F85393-CB22-4778-BFAB-837B62D36826}.Release|Any CPU.Build.0 = Release|Any CPU
		{4EB18E1B-B251-4F6C-88F8-19890EE6F64F}.Debug|Any CPU.ActiveCfg = Debug|Any CPU
		{4EB18E1B-B251-4F6C-88F8-19890EE6F64F}.Debug|Any CPU.Build.0 = Debug|Any CPU
		{4EB18E1B-B251-4F6C-88F8-19890EE6F64F}.Release|Any CPU.ActiveCfg = Release|Any CPU
		{4EB18E1B-B251-4F6C-88F8-19890EE6F64F}.Release|Any CPU.Build.0 = Release|Any CPU
		{3E2BC20B-621A-4BA3-9046-43683264EEF4}.Debug|Any CPU.ActiveCfg = Debug|Any CPU
		{3E2BC20B-621A-4BA3-9046-43683264EEF4}.Debug|Any CPU.Build.0 = Debug|Any CPU
		{3E2BC20B-621A-4BA3-9046-43683264EEF4}.Debug|Any CPU.Deploy.0 = Debug|Any CPU
		{3E2BC20B-621A-4BA3-9046-43683264EEF4}.Release|Any CPU.ActiveCfg = Release|Any CPU
		{3E2BC20B-621A-4BA3-9046-43683264EEF4}.Release|Any CPU.Build.0 = Release|Any CPU
		{3E2BC20B-621A-4BA3-9046-43683264EEF4}.Release|Any CPU.Deploy.0 = Release|Any CPU
	EndGlobalSection
	GlobalSection(SolutionProperties) = preSolution
		HideSolutionNode = FALSE
	EndGlobalSection
	GlobalSection(NestedProjects) = preSolution
		{DEDA296E-69AB-4B5E-89A5-287E850C3FA6} = {D33550C9-8000-480F-AFEA-D3CE39FDE685}
		{FEEC16F5-B923-4373-AA07-DAD4B423BA99} = {DEDA296E-69AB-4B5E-89A5-287E850C3FA6}
		{1BB85D55-5449-42D6-8FD2-98F685BC4C0A} = {3B246335-08C2-41B1-AB2C-B41DC53CB604}
		{7082CC08-2B18-475B-9FDC-8B137C7410BD} = {8FE4908C-EC8C-495A-8D7C-34024FF59313}
		{DA83C046-672E-47C6-9DFA-E1E1B52E15A1} = {3B246335-08C2-41B1-AB2C-B41DC53CB604}
		{D0F85393-CB22-4778-BFAB-837B62D36826} = {1BB85D55-5449-42D6-8FD2-98F685BC4C0A}
		{4EB18E1B-B251-4F6C-88F8-19890EE6F64F} = {801C3E74-96AB-4762-A838-FC6F0635F25D}
		{3E2BC20B-621A-4BA3-9046-43683264EEF4} = {5B6E357A-19C5-4745-A6AF-74CA09A257C2}
	EndGlobalSection
	GlobalSection(ExtensibilityGlobals) = postSolution
		SolutionGuid = {05623C45-5C9C-4F58-885A-869C9108B299}
	EndGlobalSection
EndGlobal
